
Microsoft Visual Studio Solution File, Format Version 12.00
# Visual Studio Version 16
VisualStudioVersion = 16.0.29418.71
MinimumVisualStudioVersion = 10.0.40219.1
Project("{FAE04EC0-301F-11D3-BF4B-00C04F79EFBC}") = "TestCore3", "TestCore3.csproj", "{D13A8876-A88E-440D-8979-F38F9800F27F}"
EndProject
Global
	GlobalSection(SolutionConfigurationPlatforms) = preSolution
		Debug|Any CPU = Debug|Any CPU
		Release|Any CPU = Release|Any CPU
	EndGlobalSection
	GlobalSection(ProjectConfigurationPlatforms) = postSolution
		{D13A8876-A88E-440D-8979-F38F9800F27F}.Debug|Any CPU.ActiveCfg = Debug|Any CPU
		{D13A8876-A88E-440D-8979-F38F9800F27F}.Debug|Any CPU.Build.0 = Debug|Any CPU
		{D13A8876-A88E-440D-8979-F38F9800F27F}.Release|Any CPU.ActiveCfg = Release|Any CPU
		{D13A8876-A88E-440D-8979-F38F9800F27F}.Release|Any CPU.Build.0 = Release|Any CPU
	EndGlobalSection
	GlobalSection(SolutionProperties) = preSolution
		HideSolutionNode = FALSE
	EndGlobalSection
	GlobalSection(ExtensibilityGlobals) = postSolution
		SolutionGuid = {B8CC669D-37CE-41B9-ABC5-70118A5275D3}
	EndGlobalSection
EndGlobal
